github.com/dolfly/x v0.0.1 h1:vjsY6/hsf3HobB3tECjTX+shJOsX+cSPTuGIf82svXk=
github.com/dolfly/x v0.0.1/go.mod h1:RzFXpef23O+XVjp8Y/YNmnX9s7ZS2+mnT1HdgOT4w/A=
golang.org/x/sys v0.15.0 h1:h48lPFYpsTvQJZF4EKyI4aLHaev3CxivZmv7yZig9pc=
golang.org/x/sys v0.15.0/go.mod h1:/VUhepiaJMQUp4+oa/7Zr1D23ma6VTLIYjOOTFZPUcA=
